// !$*UTF8*$!
{
	archiveVersion = 1;
	classes = {
	};
	objectVersion = 46;
	objects = {

/* Begin PBXBuildFile section */
		A45F77331C984B370026635B /* AppDelegate.swift in Sources */ = {isa = PBXBuildFile; fileRef = A45F77321C984B370026635B /* AppDelegate.swift */; };
		A45F77351C984B370026635B /* ViewController.swift in Sources */ = {isa = PBXBuildFile; fileRef = A45F77341C984B370026635B /* ViewController.swift */; };
		A45F77381C984B370026635B /* Main.storyboard in Resources */ = {isa = PBXBuildFile; fileRef = A45F77361C984B370026635B /* Main.storyboard */; };
		A45F773A1C984B370026635B /* Assets.xcassets in Resources */ = {isa = PBXBuildFile; fileRef = A45F77391C984B370026635B /* Assets.xcassets */; };
		A45F773D1C984B370026635B /* LaunchScreen.storyboard in Resources */ = {isa = PBXBuildFile; fileRef = A45F773B1C984B370026635B /* LaunchScreen.storyboard */; };
/* End PBXBuildFile section */

/* Begin PBXFileReference section */
		A45F772F1C984B370026635B /* ZFMeiTuan.app */ = {isa = PBXFileReference; explicitFileType = wrapper.application; includeInIndex = 0; path = ZFMeiTuan.app; sourceTree = BUILT_PRODUCTS_DIR; };
		A45F77321C984B370026635B /* AppDelegate.swift */ = {isa = PBXFileReference; lastKnownFileType = sourcecode.swift; path = AppDelegate.swift; sourceTree = "<group>"; };
		A45F77341C984B370026635B /* ViewController.swift */ = {isa = PBXFileReference; lastKnownFileType = sourcecode.swift; path = ViewController.swift; sourceTree = "<group>"; };
		A45F77371C984B370026635B /* Base */ = {isa = PBXFileReference; lastKnownFileType = file.storyboard; name = Base; path = Base.lproj/Main.storyboard; sourceTree = "<group>"; };
		A45F77391C984B370026635B /* Assets.xcassets */ = {isa = PBXFileReference; lastKnownFileType = folder.assetcatalog; path = Assets.xcassets; sourceTree = "<group>"; };
		A45F773C1C984B370026635B /* Base */ = {isa = PBXFileReference; lastKnownFileType = file.storyboard; name = Base; path = Base.lproj/LaunchScreen.storyboard; sourceTree = "<group>"; };
		A45F773E1C984B370026635B /* Info.plist */ = {isa = PBXFileReference; lastKnownFileType = text.plist.xml; path = Info.plist; sourceTree = "<group>"; };
/* End PBXFileReference section */

/* Begin PBXFrameworksBuildPhase section */
		A45F772C1C984B370026635B /* Frameworks */ = {
			isa = PBXFrameworksBuildPhase;
			buildActionMask = 2147483647;
			files = (
			);
			runOnlyForDeploymentPostprocessing = 0;
		};
/* End PBXFrameworksBuildPhase section */

/* Begin PBXGroup section */
		A45F77261C984B370026635B = {
			isa = PBXGroup;
			children = (
				A45F77311C984B370026635B /* ZFMeiTuan */,
				A45F77301C984B370026635B /* Products */,
			);
			sourceTree = "<group>";
		};
		A45F77301C984B370026635B /* Products */ = {
			isa = PBXGroup;
			children = (
				A45F772F1C984B370026635B /* ZFMeiTuan.app */,
			);
			name = Products;
			sourceTree = "<group>";
		};
		A45F77311C984B370026635B /* ZFMeiTuan */ = {
			isa = PBXGroup;
			children = (
				A45F77321C984B370026635B /* AppDelegate.swift */,
				A45F77341C984B370026635B /* ViewController.swift */,
				A45F77361C984B370026635B /* Main.storyboard */,
				A45F77391C984B370026635B /* Assets.xcassets */,
				A45F773B1C984B370026635B /* LaunchScreen.storyboard */,
				A45F773E1C984B370026635B /* Info.plist */,
			);
			path = ZFMeiTuan;
			sourceTree = "<group>";
		};
/* End PBXGroup section */

/* Begin PBXNativeTarget section */
		A45F772E1C984B370026635B /* ZFMeiTuan */ = {
			isa = PBXNativeTarget;
			buildConfigurationList = A45F77411C984B370026635B /* Build configuration list for PBXNativeTarget "ZFMeiTuan" */;
			buildPhases = (
				A45F772B1C984B370026635B /* Sources */,
				A45F772C1C984B370026635B /* Frameworks */,
				A45F772D1C984B370026635B /* Resources */,
			);
			buildRules = (
			);
			dependencies = (
			);
			name = ZFMeiTuan;
			productName = ZFMeiTuan;
			productReference = A45F772F1C984B370026635B /* ZFMeiTuan.app */;
			productType = "com.apple.product-type.application";
		};
/* End PBXNativeTarget section */

/* Begin PBXProject section */
		A45F77271C984B370026635B /* Project object */ = {
			isa = PBXProject;
			attributes = {
				LastSwiftUpdateCheck = 0720;
				LastUpgradeCheck = 0720;
				ORGANIZATIONNAME = "赵飞";
				TargetAttributes = {
					A45F772E1C984B370026635B = {
						CreatedOnToolsVersion = 7.2.1;
						DevelopmentTeam = Y2234CY3YA;
					};
				};
			};
			buildConfigurationList = A45F772A1C984B370026635B /* Build configuration list for PBXProject "ZFMeiTuan" */;
			compatibilityVersion = "Xcode 3.2";
			developmentRegion = English;
			hasScannedForEncodings = 0;
			knownRegions = (
				en,
				Base,
			);
			mainGroup = A45F77261C984B370026635B;
			productRefGroup = A45F77301C984B370026635B /* Products */;
			projectDirPath = "";
			projectRoot = "";
			targets = (
				A45F772E1C984B370026635B /* ZFMeiTuan */,
			);
		};
/* End PBXProject section */

/* Begin PBXResourcesBuildPhase section */
		A45F772D1C984B370026635B /* Resources */ = {
			isa = PBXResourcesBuildPhase;
			buildActionMask = 2147483647;
			files = (
				A45F773D1C984B370026635B /* LaunchScreen.storyboard in Resources */,
				A45F773A1C984B370026635B /* Assets.xcassets in Resources */,
				A45F77381C984B370026635B /* Main.storyboard in Resources */,
			);
			runOnlyForDeploymentPostprocessing = 0;
		};
/* End PBXResourcesBuildPhase section */

/* Begin PBXSourcesBuildPhase section */
		A45F772B1C984B370026635B /* Sources */ = {
			isa = PBXSourcesBuildPhase;
			buildActionMask = 2147483647;
			files = (
				A45F77351C984B370026635B /* ViewController.swift in Sources */,
				A45F77331C984B370026635B /* AppDelegate.swift in Sources */,
			);
			runOnlyForDeploymentPostprocessing = 0;
		};
/* End PBXSourcesBuildPhase section */

/* Begin PBXVariantGroup section */
		A45F77361C984B370026635B /* Main.storyboard */ = {
			isa = PBXVariantGroup;
			children = (
				A45F77371C984B370026635B /* Base */,
			);
			name = Main.storyboard;
			sourceTree = "<group>";
		};
		A45F773B1C984B370026635B /* LaunchScreen.storyboard */ = {
			isa = PBXVariantGroup;
			children = (
				A45F773C1C984B370026635B /* Base */,
			);
			name = LaunchScreen.storyboard;
			sourceTree = "<group>";
		};
/* End PBXVariantGroup section */

/* Begin XCBuildConfiguration section */
		A45F773F1C984B370026635B /* Debug */ = {
			isa = XCBuildConfiguration;
			buildSettings = {
				ALWAYS_SEARCH_USER_PATHS = NO;
				CLANG_CXX_LANGUAGE_STANDARD = "gnu++0x";
				CLANG_CXX_LIBRARY = "libc++";
				CLANG_ENABLE_MODULES = YES;
				CLANG_ENABLE_OBJC_ARC = YES;
				CLANG_WARN_BOOL_CONVERSION = YES;
				CLANG_WARN_CONSTANT_CONVERSION = YES;
				CLANG_WARN_DIRECT_OBJC_ISA_USAGE = YES_ERROR;
				CLANG_WARN_EMPTY_BODY = YES;
				CLANG_WARN_ENUM_CONVERSION = YES;
				CLANG_WARN_INT_CONVERSION = YES;
				CLANG_WARN_OBJC_ROOT_CLASS = YES_ERROR;
				CLANG_WARN_UNREACHABLE_CODE = YES;
				CLANG_WARN__DUPLICATE_METHOD_MATCH = YES;
				"CODE_SIGN_IDENTITY[sdk=iphoneos*]" = "iPhone Developer";
				COPY_PHASE_STRIP = NO;
				DEBUG_INFORMATION_FORMAT = dwarf;
				ENABLE_STRICT_OBJC_MSGSEND = YES;
				ENABLE_TESTABILITY = YES;
				GCC_C_LANGUAGE_STANDARD = gnu99;
				GCC_DYNAMIC_NO_PIC = NO;
				GCC_NO_COMMON_BLOCKS = YES;
				GCC_OPTIMIZATION_LEVEL = 0;
				GCC_PREPROCESSOR_DEFINITIONS = (
					"DEBUG=1",
					"$(inherited)",
				);
				GCC_WARN_64_TO_32_BIT_CONVERSION = YES;
				GCC_WARN_ABOUT_RETURN_TYPE = YES_ERROR;
				GCC_WARN_UNDECLARED_SELECTOR = YES;
				GCC_WARN_UNINITIALIZED_AUTOS = YES_AGGRESSIVE;
				GCC_WARN_UNUSED_FUNCTION = YES;
				GCC_WARN_UNUSED_VARIABLE = YES;
				IPHONEOS_DEPLOYMENT_TARGET = 9.2;
				MTL_ENABLE_DEBUG_INFO = YES;
				ONLY_ACTIVE_ARCH = YES;
				SDKROOT = iphoneos;
				SWIFT_OPTIMIZATION_LEVEL = "-Onone";
			};
			name = Debug;
		};
		A45F77401C984B370026635B /* Release */ = {
			isa = XCBuildConfiguration;
			buildSettings = {
				ALWAYS_SEARCH_USER_PATHS = NO;
				CLANG_CXX_LANGUAGE_STANDARD = "gnu++0x";
				CLANG_CXX_LIBRARY = "libc++";
				CLANG_ENABLE_MODULES = YES;
				CLANG_ENABLE_OBJC_ARC = YES;
				CLANG_WARN_BOOL_CONVERSION = YES;
				CLANG_WARN_CONSTANT_CONVERSION = YES;
				CLANG_WARN_DIRECT_OBJC_ISA_USAGE = YES_ERROR;
				CLANG_WARN_EMPTY_BODY = YES;
				CLANG_WARN_ENUM_CONVERSION = YES;
				CLANG_WARN_INT_CONVERSION = YES;
				CLANG_WARN_OBJC_ROOT_CLASS = YES_ERROR;
				CLANG_WARN_UNREACHABLE_CODE = YES;
				CLANG_WARN__DUPLICATE_METHOD_MATCH = YES;
				"CODE_SIGN_IDENTITY[sdk=iphoneos*]" = "iPhone Developer";
				COPY_PHASE_STRIP = NO;
				DEBUG_INFORMATION_FORMAT = "dwarf-with-dsym";
				ENABLE_NS_ASSERTIONS = NO;
				ENABLE_STRICT_OBJC_MSGSEND = YES;
				GCC_C_LANGUAGE_STANDARD = gnu99;
				GCC_NO_COMMON_BLOCKS = YES;
				GCC_WARN_64_TO_32_BIT_CONVERSION = YES;
				GCC_WARN_ABOUT_RETURN_TYPE = YES_ERROR;
				GCC_WARN_UNDECLARED_SELECTOR = YES;
				GCC_WARN_UNINITIALIZED_AUTOS = YES_AGGRESSIVE;
				GCC_WARN_UNUSED_FUNCTION = YES;
				GCC_WARN_UNUSED_VARIABLE = YES;
				IPHONEOS_DEPLOYMENT_TARGET = 9.2;
				MTL_ENABLE_DEBUG_INFO = NO;
				SDKROOT = iphoneos;
				VALIDATE_PRODUCT = YES;
			};
			name = Release;
		};
		A45F77421C984B370026635B /* Debug */ = {
			isa = XCBuildConfiguration;
			buildSettings = {
				ASSETCATALOG_COMPILER_APPICON_NAME = AppIcon;
				INFOPLIST_FILE = ZFMeiTuan/Info.plist;
				LD_RUNPATH_SEARCH_PATHS = "$(inherited) @executable_path/Frameworks";
				PRODUCT_BUNDLE_IDENTIFIER = com.zhaofei.ZFMeiTuan;
				PRODUCT_NAME = "$(TARGET_NAME)";
			};
			name = Debug;
		};
		A45F77431C984B370026635B /* Release */ = {
			isa = XCBuildConfiguration;
			buildSettings = {
				ASSETCATALOG_COMPILER_APPICON_NAME = AppIcon;
				INFOPLIST_FILE = ZFMeiTuan/Info.plist;
				LD_RUNPATH_SEARCH_PATHS = "$(inherited) @executable_path/Frameworks";
				PRODUCT_BUNDLE_IDENTIFIER = com.zhaofei.ZFMeiTuan;
				PRODUCT_NAME = "$(TARGET_NAME)";
			};
			name = Release;
		};
/* End XCBuildConfiguration section */

/* Begin XCConfigurationList section */
		A45F772A1C984B370026635B /* Build configuration list for PBXProject "ZFMeiTuan" */ = {
			isa = XCConfigurationList;
			buildConfigurations = (
				A45F773F1C984B370026635B /* Debug */,
				A45F77401C984B370026635B /* Release */,
			);
			defaultConfigurationIsVisible = 0;
			defaultConfigurationName = Release;
		};
		A45F77411C984B370026635B /* Build configuration list for PBXNativeTarget "ZFMeiTuan" */ = {
			isa = XCConfigurationList;
			buildConfigurations = (
				A45F77421C984B370026635B /* Debug */,
				A45F77431C984B370026635B /* Release */,
			);
			defaultConfigurationIsVisible = 0;
		};
/* End XCConfigurationList section */
	};
	rootObject = A45F77271C984B370026635B /* Project object */;
}
