// !$*UTF8*$!
{
	archiveVersion = 1;
	classes = {
	};
	objectVersion = 46;
	objects = {

/* Begin PBXBuildFile section */
		A45F77331C984B370026635B /* AppDelegate.swift in Sources */ = {isa = PBXBuildFile; fileRef = A45F77321C984B370026635B /* AppDelegate.swift */; };
		A45F77381C984B370026635B /* Main.storyboard in Resources */ = {isa = PBXBuildFile; fileRef = A45F77361C984B370026635B /* Main.storyboard */; };
		A45F773A1C984B370026635B /* Assets.xcassets in Resources */ = {isa = PBXBuildFile; fileRef = A45F77391C984B370026635B /* Assets.xcassets */; };
		A45F77631C985FFE0026635B /* MineViewController.swift in Sources */ = {isa = PBXBuildFile; fileRef = A45F77621C985FFE0026635B /* MineViewController.swift */; };
		A45F77651C9860090026635B /* MoreViewController.swift in Sources */ = {isa = PBXBuildFile; fileRef = A45F77641C9860090026635B /* MoreViewController.swift */; };
		A45F77671C9860140026635B /* BusinessViewController.swift in Sources */ = {isa = PBXBuildFile; fileRef = A45F77661C9860140026635B /* BusinessViewController.swift */; };
		A45F77691C98602A0026635B /* HomeViewController.swift in Sources */ = {isa = PBXBuildFile; fileRef = A45F77681C98602A0026635B /* HomeViewController.swift */; };
		A45F776B1C9863C90026635B /* Global.swift in Sources */ = {isa = PBXBuildFile; fileRef = A45F776A1C9863C90026635B /* Global.swift */; };
/* End PBXBuildFile section */

/* Begin PBXFileReference section */
		A45F772F1C984B370026635B /* ZFMeiTuan.app */ = {isa = PBXFileReference; explicitFileType = wrapper.application; includeInIndex = 0; path = ZFMeiTuan.app; sourceTree = BUILT_PRODUCTS_DIR; };
		A45F77321C984B370026635B /* AppDelegate.swift */ = {isa = PBXFileReference; lastKnownFileType = sourcecode.swift; name = AppDelegate.swift; path = ZFMeiTuan/AppDelegate.swift; sourceTree = SOURCE_ROOT; };
		A45F77371C984B370026635B /* Base */ = {isa = PBXFileReference; lastKnownFileType = file.storyboard; name = Base; path = Base.lproj/Main.storyboard; sourceTree = "<group>"; };
		A45F77391C984B370026635B /* Assets.xcassets */ = {isa = PBXFileReference; lastKnownFileType = folder.assetcatalog; path = Assets.xcassets; sourceTree = "<group>"; };
		A45F773E1C984B370026635B /* Info.plist */ = {isa = PBXFileReference; lastKnownFileType = text.plist.xml; path = Info.plist; sourceTree = "<group>"; };
		A45F77621C985FFE0026635B /* MineViewController.swift */ = {isa = PBXFileReference; fileEncoding = 4; lastKnownFileType = sourcecode.swift; path = MineViewController.swift; sourceTree = "<group>"; };
		A45F77641C9860090026635B /* MoreViewController.swift */ = {isa = PBXFileReference; fileEncoding = 4; lastKnownFileType = sourcecode.swift; path = MoreViewController.swift; sourceTree = "<group>"; };
		A45F77661C9860140026635B /* BusinessViewController.swift */ = {isa = PBXFileReference; fileEncoding = 4; lastKnownFileType = sourcecode.swift; path = BusinessViewController.swift; sourceTree = "<group>"; };
		A45F77681C98602A0026635B /* HomeViewController.swift */ = {isa = PBXFileReference; fileEncoding = 4; lastKnownFileType = sourcecode.swift; path = HomeViewController.swift; sourceTree = "<group>"; };
		A45F776A1C9863C90026635B /* Global.swift */ = {isa = PBXFileReference; fileEncoding = 4; lastKnownFileType = sourcecode.swift; path = Global.swift; sourceTree = "<group>"; };
/* End PBXFileReference section */

/* Begin PBXFrameworksBuildPhase section */
		A45F772C1C984B370026635B /* Frameworks */ = {
			isa = PBXFrameworksBuildPhase;
			buildActionMask = 2147483647;
			files = (
			);
			runOnlyForDeploymentPostprocessing = 0;
		};
/* End PBXFrameworksBuildPhase section */

/* Begin PBXGroup section */
		A45F77261C984B370026635B = {
			isa = PBXGroup;
			children = (
				A45F77311C984B370026635B /* ZFMeiTuan */,
				A45F77301C984B370026635B /* Products */,
			);
			sourceTree = "<group>";
		};
		A45F77301C984B370026635B /* Products */ = {
			isa = PBXGroup;
			children = (
				A45F772F1C984B370026635B /* ZFMeiTuan.app */,
			);
			name = Products;
			sourceTree = "<group>";
		};
		A45F77311C984B370026635B /* ZFMeiTuan */ = {
			isa = PBXGroup;
			children = (
				A45F77441C985F690026635B /* App */,
				A45F775A1C985F690026635B /* ConfigFile */,
				A45F775B1C985F690026635B /* Resource */,
				A45F775C1C985F690026635B /* ThirdPartyLibrary */,
				A45F77361C984B370026635B /* Main.storyboard */,
				A45F77391C984B370026635B /* Assets.xcassets */,
				A45F773E1C984B370026635B /* Info.plist */,
			);
			path = ZFMeiTuan;
			sourceTree = "<group>";
		};
		A45F77441C985F690026635B /* App */ = {
			isa = PBXGroup;
			children = (
				A45F77321C984B370026635B /* AppDelegate.swift */,
				A45F774B1C985F690026635B /* Home */,
				A45F77461C985F690026635B /* Business */,
				A45F77501C985F690026635B /* Mine */,
				A45F77551C985F690026635B /* More */,
			);
			path = App;
			sourceTree = "<group>";
		};
		A45F77461C985F690026635B /* Business */ = {
			isa = PBXGroup;
			children = (
				A45F77471C985F690026635B /* C */,
				A45F77491C985F690026635B /* M */,
				A45F774A1C985F690026635B /* V */,
			);
			path = Business;
			sourceTree = "<group>";
		};
		A45F77471C985F690026635B /* C */ = {
			isa = PBXGroup;
			children = (
				A45F77661C9860140026635B /* BusinessViewController.swift */,
			);
			path = C;
			sourceTree = "<group>";
		};
		A45F77491C985F690026635B /* M */ = {
			isa = PBXGroup;
			children = (
			);
			path = M;
			sourceTree = "<group>";
		};
		A45F774A1C985F690026635B /* V */ = {
			isa = PBXGroup;
			children = (
			);
			path = V;
			sourceTree = "<group>";
		};
		A45F774B1C985F690026635B /* Home */ = {
			isa = PBXGroup;
			children = (
				A45F774C1C985F690026635B /* C */,
				A45F774E1C985F690026635B /* M */,
				A45F774F1C985F690026635B /* V */,
			);
			path = Home;
			sourceTree = "<group>";
		};
		A45F774C1C985F690026635B /* C */ = {
			isa = PBXGroup;
			children = (
				A45F77681C98602A0026635B /* HomeViewController.swift */,
			);
			path = C;
			sourceTree = "<group>";
		};
		A45F774E1C985F690026635B /* M */ = {
			isa = PBXGroup;
			children = (
			);
			path = M;
			sourceTree = "<group>";
		};
		A45F774F1C985F690026635B /* V */ = {
			isa = PBXGroup;
			children = (
			);
			path = V;
			sourceTree = "<group>";
		};
		A45F77501C985F690026635B /* Mine */ = {
			isa = PBXGroup;
			children = (
				A45F77511C985F690026635B /* C */,
				A45F77531C985F690026635B /* M */,
				A45F77541C985F690026635B /* V */,
			);
			path = Mine;
			sourceTree = "<group>";
		};
		A45F77511C985F690026635B /* C */ = {
			isa = PBXGroup;
			children = (
				A45F77621C985FFE0026635B /* MineViewController.swift */,
			);
			path = C;
			sourceTree = "<group>";
		};
		A45F77531C985F690026635B /* M */ = {
			isa = PBXGroup;
			children = (
			);
			path = M;
			sourceTree = "<group>";
		};
		A45F77541C985F690026635B /* V */ = {
			isa = PBXGroup;
			children = (
			);
			path = V;
			sourceTree = "<group>";
		};
		A45F77551C985F690026635B /* More */ = {
			isa = PBXGroup;
			children = (
				A45F77561C985F690026635B /* C */,
				A45F77581C985F690026635B /* M */,
				A45F77591C985F690026635B /* V */,
			);
			path = More;
			sourceTree = "<group>";
		};
		A45F77561C985F690026635B /* C */ = {
			isa = PBXGroup;
			children = (
				A45F77641C9860090026635B /* MoreViewController.swift */,
			);
			path = C;
			sourceTree = "<group>";
		};
		A45F77581C985F690026635B /* M */ = {
			isa = PBXGroup;
			children = (
			);
			path = M;
			sourceTree = "<group>";
		};
		A45F77591C985F690026635B /* V */ = {
			isa = PBXGroup;
			children = (
			);
			path = V;
			sourceTree = "<group>";
		};
		A45F775A1C985F690026635B /* ConfigFile */ = {
			isa = PBXGroup;
			children = (
				A45F776A1C9863C90026635B /* Global.swift */,
			);
			path = ConfigFile;
			sourceTree = "<group>";
		};
		A45F775B1C985F690026635B /* Resource */ = {
			isa = PBXGroup;
			children = (
			);
			path = Resource;
			sourceTree = "<group>";
		};
		A45F775C1C985F690026635B /* ThirdPartyLibrary */ = {
			isa = PBXGroup;
			children = (
			);
			path = ThirdPartyLibrary;
			sourceTree = "<group>";
		};
/* End PBXGroup section */

/* Begin PBXNativeTarget section */
		A45F772E1C984B370026635B /* ZFMeiTuan */ = {
			isa = PBXNativeTarget;
			buildConfigurationList = A45F77411C984B370026635B /* Build configuration list for PBXNativeTarget "ZFMeiTuan" */;
			buildPhases = (
				A45F772B1C984B370026635B /* Sources */,
				A45F772C1C984B370026635B /* Frameworks */,
				A45F772D1C984B370026635B /* Resources */,
			);
			buildRules = (
			);
			dependencies = (
			);
			name = ZFMeiTuan;
			productName = ZFMeiTuan;
			productReference = A45F772F1C984B370026635B /* ZFMeiTuan.app */;
			productType = "com.apple.product-type.application";
		};
/* End PBXNativeTarget section */

/* Begin PBXProject section */
		A45F77271C984B370026635B /* Project object */ = {
			isa = PBXProject;
			attributes = {
				LastSwiftUpdateCheck = 0720;
				LastUpgradeCheck = 0720;
				ORGANIZATIONNAME = "赵飞";
				TargetAttributes = {
					A45F772E1C984B370026635B = {
						CreatedOnToolsVersion = 7.2.1;
						DevelopmentTeam = Y2234CY3YA;
					};
				};
			};
			buildConfigurationList = A45F772A1C984B370026635B /* Build configuration list for PBXProject "ZFMeiTuan" */;
			compatibilityVersion = "Xcode 3.2";
			developmentRegion = English;
			hasScannedForEncodings = 0;
			knownRegions = (
				en,
				Base,
			);
			mainGroup = A45F77261C984B370026635B;
			productRefGroup = A45F77301C984B370026635B /* Products */;
			projectDirPath = "";
			projectRoot = "";
			targets = (
				A45F772E1C984B370026635B /* ZFMeiTuan */,
			);
		};
/* End PBXProject section */

/* Begin PBXResourcesBuildPhase section */
		A45F772D1C984B370026635B /* Resources */ = {
			isa = PBXResourcesBuildPhase;
			buildActionMask = 2147483647;
			files = (
				A45F773A1C984B370026635B /* Assets.xcassets in Resources */,
				A45F77381C984B370026635B /* Main.storyboard in Resources */,
			);
			runOnlyForDeploymentPostprocessing = 0;
		};
/* End PBXResourcesBuildPhase section */

/* Begin PBXSourcesBuildPhase section */
		A45F772B1C984B370026635B /* Sources */ = {
			isa = PBXSourcesBuildPhase;
			buildActionMask = 2147483647;
			files = (
				A45F77331C984B370026635B /* AppDelegate.swift in Sources */,
				A45F77651C9860090026635B /* MoreViewController.swift in Sources */,
				A45F776B1C9863C90026635B /* Global.swift in Sources */,
				A45F77671C9860140026635B /* BusinessViewController.swift in Sources */,
				A45F77631C985FFE0026635B /* MineViewController.swift in Sources */,
				A45F77691C98602A0026635B /* HomeViewController.swift in Sources */,
			);
			runOnlyForDeploymentPostprocessing = 0;
		};
/* End PBXSourcesBuildPhase section */

/* Begin PBXVariantGroup section */
		A45F77361C984B370026635B /* Main.storyboard */ = {
			isa = PBXVariantGroup;
			children = (
				A45F77371C984B370026635B /* Base */,
			);
			name = Main.storyboard;
			sourceTree = "<group>";
		};
/* End PBXVariantGroup section */

/* Begin XCBuildConfiguration section */
		A45F773F1C984B370026635B /* Debug */ = {
			isa = XCBuildConfiguration;
			buildSettings = {
				ALWAYS_SEARCH_USER_PATHS = NO;
				CLANG_CXX_LANGUAGE_STANDARD = "gnu++0x";
				CLANG_CXX_LIBRARY = "libc++";
				CLANG_ENABLE_MODULES = YES;
				CLANG_ENABLE_OBJC_ARC = YES;
				CLANG_WARN_BOOL_CONVERSION = YES;
				CLANG_WARN_CONSTANT_CONVERSION = YES;
				CLANG_WARN_DIRECT_OBJC_ISA_USAGE = YES_ERROR;
				CLANG_WARN_EMPTY_BODY = YES;
				CLANG_WARN_ENUM_CONVERSION = YES;
				CLANG_WARN_INT_CONVERSION = YES;
				CLANG_WARN_OBJC_ROOT_CLASS = YES_ERROR;
				CLANG_WARN_UNREACHABLE_CODE = YES;
				CLANG_WARN__DUPLICATE_METHOD_MATCH = YES;
				"CODE_SIGN_IDENTITY[sdk=iphoneos*]" = "iPhone Developer";
				COPY_PHASE_STRIP = NO;
				DEBUG_INFORMATION_FORMAT = dwarf;
				ENABLE_STRICT_OBJC_MSGSEND = YES;
				ENABLE_TESTABILITY = YES;
				GCC_C_LANGUAGE_STANDARD = gnu99;
				GCC_DYNAMIC_NO_PIC = NO;
				GCC_NO_COMMON_BLOCKS = YES;
				GCC_OPTIMIZATION_LEVEL = 0;
				GCC_PREPROCESSOR_DEFINITIONS = (
					"DEBUG=1",
					"$(inherited)",
				);
				GCC_WARN_64_TO_32_BIT_CONVERSION = YES;
				GCC_WARN_ABOUT_RETURN_TYPE = YES_ERROR;
				GCC_WARN_UNDECLARED_SELECTOR = YES;
				GCC_WARN_UNINITIALIZED_AUTOS = YES_AGGRESSIVE;
				GCC_WARN_UNUSED_FUNCTION = YES;
				GCC_WARN_UNUSED_VARIABLE = YES;
				IPHONEOS_DEPLOYMENT_TARGET = 9.2;
				MTL_ENABLE_DEBUG_INFO = YES;
				ONLY_ACTIVE_ARCH = YES;
				SDKROOT = iphoneos;
				SWIFT_OPTIMIZATION_LEVEL = "-Onone";
			};
			name = Debug;
		};
		A45F77401C984B370026635B /* Release */ = {
			isa = XCBuildConfiguration;
			buildSettings = {
				ALWAYS_SEARCH_USER_PATHS = NO;
				CLANG_CXX_LANGUAGE_STANDARD = "gnu++0x";
				CLANG_CXX_LIBRARY = "libc++";
				CLANG_ENABLE_MODULES = YES;
				CLANG_ENABLE_OBJC_ARC = YES;
				CLANG_WARN_BOOL_CONVERSION = YES;
				CLANG_WARN_CONSTANT_CONVERSION = YES;
				CLANG_WARN_DIRECT_OBJC_ISA_USAGE = YES_ERROR;
				CLANG_WARN_EMPTY_BODY = YES;
				CLANG_WARN_ENUM_CONVERSION = YES;
				CLANG_WARN_INT_CONVERSION = YES;
				CLANG_WARN_OBJC_ROOT_CLASS = YES_ERROR;
				CLANG_WARN_UNREACHABLE_CODE = YES;
				CLANG_WARN__DUPLICATE_METHOD_MATCH = YES;
				"CODE_SIGN_IDENTITY[sdk=iphoneos*]" = "iPhone Developer";
				COPY_PHASE_STRIP = NO;
				DEBUG_INFORMATION_FORMAT = "dwarf-with-dsym";
				ENABLE_NS_ASSERTIONS = NO;
				ENABLE_STRICT_OBJC_MSGSEND = YES;
				GCC_C_LANGUAGE_STANDARD = gnu99;
				GCC_NO_COMMON_BLOCKS = YES;
				GCC_WARN_64_TO_32_BIT_CONVERSION = YES;
				GCC_WARN_ABOUT_RETURN_TYPE = YES_ERROR;
				GCC_WARN_UNDECLARED_SELECTOR = YES;
				GCC_WARN_UNINITIALIZED_AUTOS = YES_AGGRESSIVE;
				GCC_WARN_UNUSED_FUNCTION = YES;
				GCC_WARN_UNUSED_VARIABLE = YES;
				IPHONEOS_DEPLOYMENT_TARGET = 9.2;
				MTL_ENABLE_DEBUG_INFO = NO;
				SDKROOT = iphoneos;
				VALIDATE_PRODUCT = YES;
			};
			name = Release;
		};
		A45F77421C984B370026635B /* Debug */ = {
			isa = XCBuildConfiguration;
			buildSettings = {
				ASSETCATALOG_COMPILER_APPICON_NAME = AppIcon;
				ASSETCATALOG_COMPILER_LAUNCHIMAGE_NAME = LaunchImage;
				INFOPLIST_FILE = ZFMeiTuan/Info.plist;
				IPHONEOS_DEPLOYMENT_TARGET = 7.0;
				LD_RUNPATH_SEARCH_PATHS = "$(inherited) @executable_path/Frameworks";
				PRODUCT_BUNDLE_IDENTIFIER = com.zhaofei.ZFMeiTuan;
				PRODUCT_NAME = "$(TARGET_NAME)";
			};
			name = Debug;
		};
		A45F77431C984B370026635B /* Release */ = {
			isa = XCBuildConfiguration;
			buildSettings = {
				ASSETCATALOG_COMPILER_APPICON_NAME = AppIcon;
				ASSETCATALOG_COMPILER_LAUNCHIMAGE_NAME = LaunchImage;
				INFOPLIST_FILE = ZFMeiTuan/Info.plist;
				IPHONEOS_DEPLOYMENT_TARGET = 7.0;
				LD_RUNPATH_SEARCH_PATHS = "$(inherited) @executable_path/Frameworks";
				PRODUCT_BUNDLE_IDENTIFIER = com.zhaofei.ZFMeiTuan;
				PRODUCT_NAME = "$(TARGET_NAME)";
			};
			name = Release;
		};
/* End XCBuildConfiguration section */

/* Begin XCConfigurationList section */
		A45F772A1C984B370026635B /* Build configuration list for PBXProject "ZFMeiTuan" */ = {
			isa = XCConfigurationList;
			buildConfigurations = (
				A45F773F1C984B370026635B /* Debug */,
				A45F77401C984B370026635B /* Release */,
			);
			defaultConfigurationIsVisible = 0;
			defaultConfigurationName = Release;
		};
		A45F77411C984B370026635B /* Build configuration list for PBXNativeTarget "ZFMeiTuan" */ = {
			isa = XCConfigurationList;
			buildConfigurations = (
				A45F77421C984B370026635B /* Debug */,
				A45F77431C984B370026635B /* Release */,
			);
			defaultConfigurationIsVisible = 0;
			defaultConfigurationName = Release;
		};
/* End XCConfigurationList section */
	};
	rootObject = A45F77271C984B370026635B /* Project object */;
}
